
Microsoft Visual Studio Solution File, Format Version 12.00
# Visual Studio Version 16
VisualStudioVersion = 16.0.31613.86
MinimumVisualStudioVersion = 10.0.40219.1
Project("{FAE04EC0-301F-11D3-BF4B-00C04F79EFBC}") = "Social_Networks", "Social_Networks.csproj", "{FC417A8A-7D52-45CE-82F3-D57A4F3D2BF3}"
EndProject
Global
	GlobalSection(SolutionConfigurationPlatforms) = preSolution
		Debug|Any CPU = Debug|Any CPU
		Release|Any CPU = Release|Any CPU
	EndGlobalSection
	GlobalSection(ProjectConfigurationPlatforms) = postSolution
		{FC417A8A-7D52-45CE-82F3-D57A4F3D2BF3}.Debug|Any CPU.ActiveCfg = Debug|Any CPU
		{FC417A8A-7D52-45CE-82F3-D57A4F3D2BF3}.Debug|Any CPU.Build.0 = Debug|Any CPU
		{FC417A8A-7D52-45CE-82F3-D57A4F3D2BF3}.Release|Any CPU.ActiveCfg = Release|Any CPU
		{FC417A8A-7D52-45CE-82F3-D57A4F3D2BF3}.Release|Any CPU.Build.0 = Release|Any CPU
	EndGlobalSection
	GlobalSection(SolutionProperties) = preSolution
		HideSolutionNode = FALSE
	EndGlobalSection
	GlobalSection(ExtensibilityGlobals) = postSolution
		SolutionGuid = {F4119772-3093-4597-A140-01816F2BD140}
	EndGlobalSection
EndGlobal
